github.com/bnema/go-wayland-bindings v0.1.0 h1:mi2vNa8BB5ZCo/hq/9d6Af01yhqY6QXAZ6pkljFI1xk=
github.com/bnema/go-wayland-bindings v0.1.0/go.mod h1:eWOgjp9vzZEqxm059q1G9F5NXplmv9UAmrDJiivxVjA=
github.com/bnema/purego v0.13.0-bnema.1 h1:fKRdztnvTmRqAjANMoN+utEIH73dvPqVPJh2iZCCAO8=
github.com/bnema/purego v0.13.0-bnema.1/go.mod h1:xS1iX3noypxnbOUEUAqOvkfnUzgHuu19VtL4+dfUMJM=
github.com/bnema/purego-xkbcommon v0.2.0 h1:UWh5rSJIBhYImg8wZ98UzK4QNt7gvkKR6gFseO21mtg=
github.com/bnema/purego-xkbcommon v0.2.0/go.mod h1:GE8JGmR/rqdklz96tFaFU7M5kI7jN1ma5mh+rz+XXrg=
github.com/bnema/wlturbo v0.6.2 h1:wV+NlplUoh6wG9E9ZKsPATMDSrTaiez3+T0xCDFZZjg=
github.com/bnema/wlturbo v0.6.2/go.mod h1:4i1k1wyw7FDWOkh2hg1ZwPfrPRn3+E6WrYg9Qrt74CA=
github.com/stretchr/objx v0.5.3 h1:jmXUvGomnU1o3W/V5h2VEradbpJDwGrzugQQvL0POH4=
github.com/stretchr/objx v0.5.3/go.mod h1:rDQraq+vQZU7Fde9LOZLr8Tax6zZvy4kuNKF+QYS+U0=
github.com/stretchr/testify v1.12.1 h1:EuwCh5fleGS7H32xRwO3wRGT7DxrDhLAT6FF8MpWDWE=
github.com/stretchr/testify v1.12.1/go.mod h1:MDEgiDPPsNp5cuIrHPPCyornHKgEVbtFUmoNlxoYthg=
go.yaml.in/yaml/v3 v3.0.5 h1:N6y/pJk8buWs9NY5ERU2HSMfm+IuD/OtfdAnq6kESPw=
go.yaml.in/yaml/v3 v3.0.5/go.mod h1:HVTZu1O7/Vkt2N+BFy8Zza+lnLsABggaTM2ZpNIGuKg=
golang.org/x/sys v0.48.0 h1:bbX/i/6MgT9BVLM9RT1thmxL04yeTAhbEz4SyadbXoo=
golang.org/x/sys v0.48.0/go.mod h1:hNLxWAXmnKAxqDtdwIYC4bM9oQPEecfsnNMuSxOs3og=
